
Microsoft Visual Studio Solution File, Format Version 12.00
# Visual Studio Version 17
VisualStudioVersion = 17.3.32929.385
MinimumVisualStudioVersion = 10.0.40219.1
Project("{9A19103F-16F7-4668-BE54-9A1E7A4F7556}") = "Fool.Wpf", "Fool.Wpf\Fool.Wpf.csproj", "{41A11B01-65B2-4664-B29F-059504595B1A}"
EndProject
Project("{9A19103F-16F7-4668-BE54-9A1E7A4F7556}") = "Fool.Web", "Fool.Web\Fool.Web.csproj", "{63A40370-0B2A-4733-AB94-B841440152BE}"
EndProject
Project("{9A19103F-16F7-4668-BE54-9A1E7A4F7556}") = "CommonClasses", "CommonClasses\CommonClasses.csproj", "{F719DB61-3974-4C7F-8AFA-414BB2DA971A}"
EndProject
Project("{FAE04EC0-301F-11D3-BF4B-00C04F79EFBC}") = "Fool.Tests", "Fool.Tests\Fool.Tests.csproj", "{917AEFEF-52D9-4B63-8089-CA4C78AA00C0}"
EndProject
Global
	GlobalSection(SolutionConfigurationPlatforms) = preSolution
		Debug|Any CPU = Debug|Any CPU
		Release|Any CPU = Release|Any CPU
	EndGlobalSection
	GlobalSection(ProjectConfigurationPlatforms) = postSolution
		{41A11B01-65B2-4664-B29F-059504595B1A}.Debug|Any CPU.ActiveCfg = Debug|Any CPU
		{41A11B01-65B2-4664-B29F-059504595B1A}.Debug|Any CPU.Build.0 = Debug|Any CPU
		{41A11B01-65B2-4664-B29F-059504595B1A}.Release|Any CPU.ActiveCfg = Release|Any CPU
		{41A11B01-65B2-4664-B29F-059504595B1A}.Release|Any CPU.Build.0 = Release|Any CPU
		{63A40370-0B2A-4733-AB94-B841440152BE}.Debug|Any CPU.ActiveCfg = Debug|Any CPU
		{63A40370-0B2A-4733-AB94-B841440152BE}.Debug|Any CPU.Build.0 = Debug|Any CPU
		{63A40370-0B2A-4733-AB94-B841440152BE}.Release|Any CPU.ActiveCfg = Release|Any CPU
		{63A40370-0B2A-4733-AB94-B841440152BE}.Release|Any CPU.Build.0 = Release|Any CPU
		{F719DB61-3974-4C7F-8AFA-414BB2DA971A}.Debug|Any CPU.ActiveCfg = Debug|Any CPU
		{F719DB61-3974-4C7F-8AFA-414BB2DA971A}.Debug|Any CPU.Build.0 = Debug|Any CPU
		{F719DB61-3974-4C7F-8AFA-414BB2DA971A}.Release|Any CPU.ActiveCfg = Release|Any CPU
		{F719DB61-3974-4C7F-8AFA-414BB2DA971A}.Release|Any CPU.Build.0 = Release|Any CPU
		{917AEFEF-52D9-4B63-8089-CA4C78AA00C0}.Debug|Any CPU.ActiveCfg = Debug|Any CPU
		{917AEFEF-52D9-4B63-8089-CA4C78AA00C0}.Debug|Any CPU.Build.0 = Debug|Any CPU
		{917AEFEF-52D9-4B63-8089-CA4C78AA00C0}.Release|Any CPU.ActiveCfg = Release|Any CPU
		{917AEFEF-52D9-4B63-8089-CA4C78AA00C0}.Release|Any CPU.Build.0 = Release|Any CPU
	EndGlobalSection
	GlobalSection(SolutionProperties) = preSolution
		HideSolutionNode = FALSE
	EndGlobalSection
	GlobalSection(ExtensibilityGlobals) = postSolution
		SolutionGuid = {F9A6B7C2-191E-4A53-86EB-FD64071375EF}
	EndGlobalSection
EndGlobal
